
Microsoft Visual Studio Solution File, Format Version 12.00
# Visual Studio Version 17
VisualStudioVersion = 17.5.002.0
MinimumVisualStudioVersion = 10.0.40219.1
Project("{9A19103F-16F7-4668-BE54-9A1E7A4F7556}") = "school_project", "school_project.csproj", "{43923361-8FE4-4E41-AABE-E349E319F6D9}"
EndProject
Global
	GlobalSection(SolutionConfigurationPlatforms) = preSolution
		Debug|Any CPU = Debug|Any CPU
		Release|Any CPU = Release|Any CPU
	EndGlobalSection
	GlobalSection(ProjectConfigurationPlatforms) = postSolution
		{43923361-8FE4-4E41-AABE-E349E319F6D9}.Debug|Any CPU.ActiveCfg = Debug|Any CPU
		{43923361-8FE4-4E41-AABE-E349E319F6D9}.Debug|Any CPU.Build.0 = Debug|Any CPU
		{43923361-8FE4-4E41-AABE-E349E319F6D9}.Release|Any CPU.ActiveCfg = Release|Any CPU
		{43923361-8FE4-4E41-AABE-E349E319F6D9}.Release|Any CPU.Build.0 = Release|Any CPU
	EndGlobalSection
	GlobalSection(SolutionProperties) = preSolution
		HideSolutionNode = FALSE
	EndGlobalSection
	GlobalSection(ExtensibilityGlobals) = postSolution
		SolutionGuid = {93757235-B675-4348-884D-8C403DE1D220}
	EndGlobalSection
EndGlobal
